
Microsoft Visual Studio Solution File, Format Version 12.00
# Visual Studio Version 16
VisualStudioVersion = 16.0.28803.202
MinimumVisualStudioVersion = 10.0.40219.1
Project("{FAE04EC0-301F-11D3-BF4B-00C04F79EFBC}") = "News_Project.UI", "News_Project.UI\News_Project.UI.csproj", "{01346577-865D-473C-804E-1788674BA5CA}"
EndProject
Project("{FAE04EC0-301F-11D3-BF4B-00C04F79EFBC}") = "News_Project.Entity", "News_Project.Entity\News_Project.Entity.csproj", "{7081524B-CA67-41E9-A1AF-AD3C463DE074}"
EndProject
Project("{FAE04EC0-301F-11D3-BF4B-00C04F79EFBC}") = "News_Project.DAL", "News_Project.Dal\News_Project.DAL.csproj", "{72F82CB8-E0C1-4E23-8B22-4FF2066E78A3}"
EndProject
Project("{FAE04EC0-301F-11D3-BF4B-00C04F79EFBC}") = "News_Project.BLL", "News_Project.BLL\News_Project.BLL.csproj", "{0C41BE6D-7309-428E-BF24-4B85EC662802}"
EndProject
Global
	GlobalSection(SolutionConfigurationPlatforms) = preSolution
		Debug|Any CPU = Debug|Any CPU
		Release|Any CPU = Release|Any CPU
	EndGlobalSection
	GlobalSection(ProjectConfigurationPlatforms) = postSolution
		{01346577-865D-473C-804E-1788674BA5CA}.Debug|Any CPU.ActiveCfg = Debug|Any CPU
		{01346577-865D-473C-804E-1788674BA5CA}.Debug|Any CPU.Build.0 = Debug|Any CPU
		{01346577-865D-473C-804E-1788674BA5CA}.Release|Any CPU.ActiveCfg = Release|Any CPU
		{01346577-865D-473C-804E-1788674BA5CA}.Release|Any CPU.Build.0 = Release|Any CPU
		{7081524B-CA67-41E9-A1AF-AD3C463DE074}.Debug|Any CPU.ActiveCfg = Debug|Any CPU
		{7081524B-CA67-41E9-A1AF-AD3C463DE074}.Debug|Any CPU.Build.0 = Debug|Any CPU
		{7081524B-CA67-41E9-A1AF-AD3C463DE074}.Release|Any CPU.ActiveCfg = Release|Any CPU
		{7081524B-CA67-41E9-A1AF-AD3C463DE074}.Release|Any CPU.Build.0 = Release|Any CPU
		{72F82CB8-E0C1-4E23-8B22-4FF2066E78A3}.Debug|Any CPU.ActiveCfg = Debug|Any CPU
		{72F82CB8-E0C1-4E23-8B22-4FF2066E78A3}.Debug|Any CPU.Build.0 = Debug|Any CPU
		{72F82CB8-E0C1-4E23-8B22-4FF2066E78A3}.Release|Any CPU.ActiveCfg = Release|Any CPU
		{72F82CB8-E0C1-4E23-8B22-4FF2066E78A3}.Release|Any CPU.Build.0 = Release|Any CPU
		{0C41BE6D-7309-428E-BF24-4B85EC662802}.Debug|Any CPU.ActiveCfg = Debug|Any CPU
		{0C41BE6D-7309-428E-BF24-4B85EC662802}.Debug|Any CPU.Build.0 = Debug|Any CPU
		{0C41BE6D-7309-428E-BF24-4B85EC662802}.Release|Any CPU.ActiveCfg = Release|Any CPU
		{0C41BE6D-7309-428E-BF24-4B85EC662802}.Release|Any CPU.Build.0 = Release|Any CPU
	EndGlobalSection
	GlobalSection(SolutionProperties) = preSolution
		HideSolutionNode = FALSE
	EndGlobalSection
	GlobalSection(ExtensibilityGlobals) = postSolution
		SolutionGuid = {B14A8241-9D87-4451-8AAC-F77FB1A01E2B}
	EndGlobalSection
EndGlobal
